
Microsoft Visual Studio Solution File, Format Version 12.00
# Visual Studio Version 16
VisualStudioVersion = 16.0.29009.5
MinimumVisualStudioVersion = 10.0.40219.1
Project("{FAE04EC0-301F-11D3-BF4B-00C04F79EFBC}") = "EmployeesManager", "EmployeesManager\EmployeesManager.csproj", "{0CA1F5AD-6FAF-4449-9B15-C24786286030}"
EndProject
Project("{FAE04EC0-301F-11D3-BF4B-00C04F79EFBC}") = "EmModel", "EmModel\EmModel.csproj", "{AB8277D0-51AA-403B-A1E2-499A029056CD}"
EndProject
Project("{FAE04EC0-301F-11D3-BF4B-00C04F79EFBC}") = "EmployeesEditor", "EmployeesEditor\EmployeesEditor.csproj", "{F0964B16-D5B5-41FE-8E88-3F56B8DA2A11}"
EndProject
Project("{FAE04EC0-301F-11D3-BF4B-00C04F79EFBC}") = "MonthTasksBank", "MonthTasksBank\MonthTasksBank.csproj", "{30BB64BC-5AD7-4AEE-87C0-11323C3A4D5C}"
EndProject
Global
	GlobalSection(SolutionConfigurationPlatforms) = preSolution
		Debug|Any CPU = Debug|Any CPU
		Release|Any CPU = Release|Any CPU
	EndGlobalSection
	GlobalSection(ProjectConfigurationPlatforms) = postSolution
		{0CA1F5AD-6FAF-4449-9B15-C24786286030}.Debug|Any CPU.ActiveCfg = Debug|Any CPU
		{0CA1F5AD-6FAF-4449-9B15-C24786286030}.Debug|Any CPU.Build.0 = Debug|Any CPU
		{0CA1F5AD-6FAF-4449-9B15-C24786286030}.Release|Any CPU.ActiveCfg = Release|Any CPU
		{0CA1F5AD-6FAF-4449-9B15-C24786286030}.Release|Any CPU.Build.0 = Release|Any CPU
		{AB8277D0-51AA-403B-A1E2-499A029056CD}.Debug|Any CPU.ActiveCfg = Debug|Any CPU
		{AB8277D0-51AA-403B-A1E2-499A029056CD}.Debug|Any CPU.Build.0 = Debug|Any CPU
		{AB8277D0-51AA-403B-A1E2-499A029056CD}.Release|Any CPU.ActiveCfg = Release|Any CPU
		{AB8277D0-51AA-403B-A1E2-499A029056CD}.Release|Any CPU.Build.0 = Release|Any CPU
		{F0964B16-D5B5-41FE-8E88-3F56B8DA2A11}.Debug|Any CPU.ActiveCfg = Debug|Any CPU
		{F0964B16-D5B5-41FE-8E88-3F56B8DA2A11}.Debug|Any CPU.Build.0 = Debug|Any CPU
		{F0964B16-D5B5-41FE-8E88-3F56B8DA2A11}.Release|Any CPU.ActiveCfg = Release|Any CPU
		{F0964B16-D5B5-41FE-8E88-3F56B8DA2A11}.Release|Any CPU.Build.0 = Release|Any CPU
		{30BB64BC-5AD7-4AEE-87C0-11323C3A4D5C}.Debug|Any CPU.ActiveCfg = Debug|Any CPU
		{30BB64BC-5AD7-4AEE-87C0-11323C3A4D5C}.Debug|Any CPU.Build.0 = Debug|Any CPU
		{30BB64BC-5AD7-4AEE-87C0-11323C3A4D5C}.Release|Any CPU.ActiveCfg = Release|Any CPU
		{30BB64BC-5AD7-4AEE-87C0-11323C3A4D5C}.Release|Any CPU.Build.0 = Release|Any CPU
	EndGlobalSection
	GlobalSection(SolutionProperties) = preSolution
		HideSolutionNode = FALSE
	EndGlobalSection
	GlobalSection(ExtensibilityGlobals) = postSolution
		SolutionGuid = {81C4E5CB-BE4B-45FA-8071-2FCB66B9ED3E}
	EndGlobalSection
EndGlobal
